
Microsoft Visual Studio Solution File, Format Version 12.00
# Visual Studio Version 16
VisualStudioVersion = 16.0.32413.511
MinimumVisualStudioVersion = 10.0.40219.1
Project("{FAE04EC0-301F-11D3-BF4B-00C04F79EFBC}") = "RealLABA2", "RealLABA2\RealLABA2.csproj", "{CCA4C8E4-4033-44B5-9E5A-7D6602919DB6}"
EndProject
Global
	GlobalSection(SolutionConfigurationPlatforms) = preSolution
		Debug|Any CPU = Debug|Any CPU
		Release|Any CPU = Release|Any CPU
	EndGlobalSection
	GlobalSection(ProjectConfigurationPlatforms) = postSolution
		{CCA4C8E4-4033-44B5-9E5A-7D6602919DB6}.Debug|Any CPU.ActiveCfg = Debug|Any CPU
		{CCA4C8E4-4033-44B5-9E5A-7D6602919DB6}.Debug|Any CPU.Build.0 = Debug|Any CPU
		{CCA4C8E4-4033-44B5-9E5A-7D6602919DB6}.Release|Any CPU.ActiveCfg = Release|Any CPU
		{CCA4C8E4-4033-44B5-9E5A-7D6602919DB6}.Release|Any CPU.Build.0 = Release|Any CPU
	EndGlobalSection
	GlobalSection(SolutionProperties) = preSolution
		HideSolutionNode = FALSE
	EndGlobalSection
	GlobalSection(ExtensibilityGlobals) = postSolution
		SolutionGuid = {ADF60CCA-1EA2-4C09-8D0A-55B608970F2B}
	EndGlobalSection
EndGlobal
